
Microsoft Visual Studio Solution File, Format Version 12.00
# Visual Studio Version 17
VisualStudioVersion = 17.10.35013.160
MinimumVisualStudioVersion = 10.0.40219.1
Project("{FAE04EC0-301F-11D3-BF4B-00C04F79EFBC}") = "KioskReborn", "KioskReborn\KioskReborn.csproj", "{406C340E-4353-4D98-8290-5BD2FC254C32}"
EndProject
Project("{FAE04EC0-301F-11D3-BF4B-00C04F79EFBC}") = "TouchKeyboard", "TouchKeyboard\TouchKeyboard.csproj", "{7EFF4257-B6B9-47D7-8612-F4E0AA407B20}"
EndProject
Global
	GlobalSection(SolutionConfigurationPlatforms) = preSolution
		Debug|Any CPU = Debug|Any CPU
		Release|Any CPU = Release|Any CPU
	EndGlobalSection
	GlobalSection(ProjectConfigurationPlatforms) = postSolution
		{406C340E-4353-4D98-8290-5BD2FC254C32}.Debug|Any CPU.ActiveCfg = Debug|Any CPU
		{406C340E-4353-4D98-8290-5BD2FC254C32}.Debug|Any CPU.Build.0 = Debug|Any CPU
		{406C340E-4353-4D98-8290-5BD2FC254C32}.Release|Any CPU.ActiveCfg = Release|Any CPU
		{406C340E-4353-4D98-8290-5BD2FC254C32}.Release|Any CPU.Build.0 = Release|Any CPU
		{7EFF4257-B6B9-47D7-8612-F4E0AA407B20}.Debug|Any CPU.ActiveCfg = Debug|Any CPU
		{7EFF4257-B6B9-47D7-8612-F4E0AA407B20}.Debug|Any CPU.Build.0 = Debug|Any CPU
		{7EFF4257-B6B9-47D7-8612-F4E0AA407B20}.Release|Any CPU.ActiveCfg = Release|Any CPU
		{7EFF4257-B6B9-47D7-8612-F4E0AA407B20}.Release|Any CPU.Build.0 = Release|Any CPU
	EndGlobalSection
	GlobalSection(SolutionProperties) = preSolution
		HideSolutionNode = FALSE
	EndGlobalSection
	GlobalSection(ExtensibilityGlobals) = postSolution
		SolutionGuid = {7CB3DB3D-64DB-428F-8CEF-3ECD82DA20E3}
	EndGlobalSection
EndGlobal
